{
  "name": "wasm",
  "version": "1.0.0",
  "lockfileVersion": 1,
  "requires": true,
  "dependencies": {
    "@types/node-fetch": {
      "version": "2.1.4",
      "resolved": "https://registry.npmjs.org/@types/node-fetch/-/node-fetch-2.1.4.tgz",
      "integrity": "sha512-tR1ekaXUGpmzOcDXWU9BW73YfA2/VW1DF1FH+wlJ82BbCSnWTbdX+JkqWQXWKIGsFPnPsYadbXfNgz28g+ccWg==",
      "requires": {
        "@types/node": "*"
      },
      "dependencies": {
        "@types/node": {
          "version": "10.12.18",
          "resolved": "https://registry.npmjs.org/@types/node/-/node-10.12.18.tgz",
          "integrity": "sha512-fh+pAqt4xRzPfqA6eh3Z2y6fyZavRIumvjhaCL753+TVkGKGhpPeyrJG2JftD0T9q4GF00KjefsQ+PQNDdWQaQ=="
        }
      }
    },
    "ast-types": {
      "version": "0.11.7",
      "resolved": "https://registry.npmjs.org/ast-types/-/ast-types-0.11.7.tgz",
      "integrity": "sha512-2mP3TwtkY/aTv5X3ZsMpNAbOnyoC/aMJwJSoaELPkHId0nSQgFcnU4dRW3isxiz7+zBexk0ym3WNVjMiQBnJSw=="
    },
    "esprima": {
      "version": "4.0.1",
      "resolved": "https://registry.npmjs.org/esprima/-/esprima-4.0.1.tgz",
      "integrity": "sha512-eGuFFw7Upda+g4p+QHvnW0RyTX/SVeJBDM/gCtMARO0cLuT2HcEKnTPvhjV6aGeqrCB/sbNop0Kszm0jsaWU4A=="
    },
    "node-fetch": {
      "version": "2.3.0",
      "resolved": "https://registry.npmjs.org/node-fetch/-/node-fetch-2.3.0.tgz",
      "integrity": "sha512-MOd8pV3fxENbryESLgVIeaGKrdl+uaYhCSSVkjeOb/31/njTpcis5aWfdqgNlHIrKOLRbMnfPINPOML2CIFeXA=="
    },
    "private": {
      "version": "0.1.8",
      "resolved": "https://registry.npmjs.org/private/-/private-0.1.8.tgz",
      "integrity": "sha512-VvivMrbvd2nKkiG38qjULzlc+4Vx4wm/whI9pQD35YrARNnhxeiRktSOhSukRLFNlzg6Br/cJPet5J/u19r/mg=="
    },
    "recast": {
      "version": "0.16.2",
      "resolved": "https://registry.npmjs.org/recast/-/recast-0.16.2.tgz",
      "integrity": "sha512-O/7qXi51DPjRVdbrpNzoBQH5dnAPQNbfoOFyRiUwreTMJfIHYOEBzwuH+c0+/BTSJ3CQyKs6ILSWXhESH6Op3A==",
      "requires": {
        "ast-types": "0.11.7",
        "esprima": "~4.0.0",
        "private": "~0.1.5",
        "source-map": "~0.6.1"
      }
    },
    "source-map": {
      "version": "0.6.1",
      "resolved": "https://registry.npmjs.org/source-map/-/source-map-0.6.1.tgz",
      "integrity": "sha512-UjgapumWlbMhkBgzT7Ykc5YXUT46F0iKu8SGXq0bcwP5dz/h0Plj6enJqjz1Zbq2l5WaqYnrVbwWOWMyF3F47g=="
    },
    "typescript": {
      "version": "3.2.2",
      "resolved": "https://registry.npmjs.org/typescript/-/typescript-3.2.2.tgz",
      "integrity": "sha512-VCj5UiSyHBjwfYacmDuc/NOk4QQixbE+Wn7MFJuS0nRuPQbof132Pw4u53dm264O8LPc2MVsc7RJNml5szurkg=="
    },
    "wasm-instantiate-streaming": {
      "version": "1.0.2",
      "resolved": "https://registry.npmjs.org/wasm-instantiate-streaming/-/wasm-instantiate-streaming-1.0.2.tgz",
      "integrity": "sha512-ZXReJCNChc3rhkNwpV4gBAO1IDmaY6xkNpMT3Jh/Eg3VGfMjcx6yGMCD5vZcEd1D6QsW1celEn0Nv2rF2Zhh1Q=="
    }
  }
}
